
Microsoft Visual Studio Solution File, Format Version 12.00
# Visual Studio Version 16
VisualStudioVersion = 16.0.30621.155
MinimumVisualStudioVersion = 10.0.40219.1
Project("{FAE04EC0-301F-11D3-BF4B-00C04F79EFBC}") = "WebApi", "WebApi\WebApi.csproj", "{2C4E43AA-78F6-4A6F-ACCD-C6759A53E0FE}"
EndProject
Project("{FAE04EC0-301F-11D3-BF4B-00C04F79EFBC}") = "Infrastructure", "Infrastructure\Infrastructure.csproj", "{4AC974F4-31F4-45EE-8B87-B4276B8D84CA}"
EndProject
Project("{FAE04EC0-301F-11D3-BF4B-00C04F79EFBC}") = "Application", "Application\Application.csproj", "{6534E3A9-B12A-4D3F-98A3-C073C90768B1}"
EndProject
Project("{FAE04EC0-301F-11D3-BF4B-00C04F79EFBC}") = "Domain", "Domain\Domain.csproj", "{CFB4ECC2-1D67-411A-8F11-427877116D90}"
EndProject
Project("{FAE04EC0-301F-11D3-BF4B-00C04F79EFBC}") = "Shared", "Shared\Shared.csproj", "{2742669C-0C13-4FDC-9A41-A293B7161F09}"
EndProject
Global
	GlobalSection(SolutionConfigurationPlatforms) = preSolution
		Debug|Any CPU = Debug|Any CPU
		Release|Any CPU = Release|Any CPU
	EndGlobalSection
	GlobalSection(ProjectConfigurationPlatforms) = postSolution
		{2C4E43AA-78F6-4A6F-ACCD-C6759A53E0FE}.Debug|Any CPU.ActiveCfg = Debug|Any CPU
		{2C4E43AA-78F6-4A6F-ACCD-C6759A53E0FE}.Debug|Any CPU.Build.0 = Debug|Any CPU
		{2C4E43AA-78F6-4A6F-ACCD-C6759A53E0FE}.Release|Any CPU.ActiveCfg = Release|Any CPU
		{2C4E43AA-78F6-4A6F-ACCD-C6759A53E0FE}.Release|Any CPU.Build.0 = Release|Any CPU
		{4AC974F4-31F4-45EE-8B87-B4276B8D84CA}.Debug|Any CPU.ActiveCfg = Debug|Any CPU
		{4AC974F4-31F4-45EE-8B87-B4276B8D84CA}.Debug|Any CPU.Build.0 = Debug|Any CPU
		{4AC974F4-31F4-45EE-8B87-B4276B8D84CA}.Release|Any CPU.ActiveCfg = Release|Any CPU
		{4AC974F4-31F4-45EE-8B87-B4276B8D84CA}.Release|Any CPU.Build.0 = Release|Any CPU
		{6534E3A9-B12A-4D3F-98A3-C073C90768B1}.Debug|Any CPU.ActiveCfg = Debug|Any CPU
		{6534E3A9-B12A-4D3F-98A3-C073C90768B1}.Debug|Any CPU.Build.0 = Debug|Any CPU
		{6534E3A9-B12A-4D3F-98A3-C073C90768B1}.Release|Any CPU.ActiveCfg = Release|Any CPU
		{6534E3A9-B12A-4D3F-98A3-C073C90768B1}.Release|Any CPU.Build.0 = Release|Any CPU
		{CFB4ECC2-1D67-411A-8F11-427877116D90}.Debug|Any CPU.ActiveCfg = Debug|Any CPU
		{CFB4ECC2-1D67-411A-8F11-427877116D90}.Debug|Any CPU.Build.0 = Debug|Any CPU
		{CFB4ECC2-1D67-411A-8F11-427877116D90}.Release|Any CPU.ActiveCfg = Release|Any CPU
		{CFB4ECC2-1D67-411A-8F11-427877116D90}.Release|Any CPU.Build.0 = Release|Any CPU
		{2742669C-0C13-4FDC-9A41-A293B7161F09}.Debug|Any CPU.ActiveCfg = Debug|Any CPU
		{2742669C-0C13-4FDC-9A41-A293B7161F09}.Debug|Any CPU.Build.0 = Debug|Any CPU
		{2742669C-0C13-4FDC-9A41-A293B7161F09}.Release|Any CPU.ActiveCfg = Release|Any CPU
		{2742669C-0C13-4FDC-9A41-A293B7161F09}.Release|Any CPU.Build.0 = Release|Any CPU
	EndGlobalSection
	GlobalSection(SolutionProperties) = preSolution
		HideSolutionNode = FALSE
	EndGlobalSection
	GlobalSection(ExtensibilityGlobals) = postSolution
		SolutionGuid = {F463DE8A-C418-4A09-8C8C-E5A832A6E8FD}
	EndGlobalSection
EndGlobal
